
Microsoft Visual Studio Solution File, Format Version 12.00
# Visual Studio Version 17
VisualStudioVersion = 17.11.35312.102
MinimumVisualStudioVersion = 10.0.40219.1
Project("{FAE04EC0-301F-11D3-BF4B-00C04F79EFBC}") = "Advent_of_code", "Advent_of_code\Advent_of_code.csproj", "{7C96D399-2182-4FBF-BA8E-7ACB7AAB2531}"
EndProject
Project("{FAE04EC0-301F-11D3-BF4B-00C04F79EFBC}") = "Day1", "Day1\Day1.csproj", "{E4956B16-E249-41FE-BF48-94CC28318484}"
EndProject
Project("{FAE04EC0-301F-11D3-BF4B-00C04F79EFBC}") = "Day2", "Day2\Day2.csproj", "{ABCB9AEC-5519-4F58-8CA7-094609667F0F}"
EndProject
Project("{FAE04EC0-301F-11D3-BF4B-00C04F79EFBC}") = "Day3", "Day3\Day3.csproj", "{FF62C2A1-F0C1-4491-8C30-E48C99D39944}"
EndProject
Project("{FAE04EC0-301F-11D3-BF4B-00C04F79EFBC}") = "Day4", "Day4\Day4.csproj", "{8A773FC3-ABD1-4D01-808E-EE974B8C44CE}"
EndProject
Project("{FAE04EC0-301F-11D3-BF4B-00C04F79EFBC}") = "Day5", "Day5\Day5.csproj", "{9F048354-4DDA-4C9E-8D07-5940532B9054}"
EndProject
Global
	GlobalSection(SolutionConfigurationPlatforms) = preSolution
		Debug|Any CPU = Debug|Any CPU
		Release|Any CPU = Release|Any CPU
	EndGlobalSection
	GlobalSection(ProjectConfigurationPlatforms) = postSolution
		{7C96D399-2182-4FBF-BA8E-7ACB7AAB2531}.Debug|Any CPU.ActiveCfg = Debug|Any CPU
		{7C96D399-2182-4FBF-BA8E-7ACB7AAB2531}.Debug|Any CPU.Build.0 = Debug|Any CPU
		{7C96D399-2182-4FBF-BA8E-7ACB7AAB2531}.Release|Any CPU.ActiveCfg = Release|Any CPU
		{7C96D399-2182-4FBF-BA8E-7ACB7AAB2531}.Release|Any CPU.Build.0 = Release|Any CPU
		{E4956B16-E249-41FE-BF48-94CC28318484}.Debug|Any CPU.ActiveCfg = Debug|Any CPU
		{E4956B16-E249-41FE-BF48-94CC28318484}.Debug|Any CPU.Build.0 = Debug|Any CPU
		{E4956B16-E249-41FE-BF48-94CC28318484}.Release|Any CPU.ActiveCfg = Release|Any CPU
		{E4956B16-E249-41FE-BF48-94CC28318484}.Release|Any CPU.Build.0 = Release|Any CPU
		{ABCB9AEC-5519-4F58-8CA7-094609667F0F}.Debug|Any CPU.ActiveCfg = Debug|Any CPU
		{ABCB9AEC-5519-4F58-8CA7-094609667F0F}.Debug|Any CPU.Build.0 = Debug|Any CPU
		{ABCB9AEC-5519-4F58-8CA7-094609667F0F}.Release|Any CPU.ActiveCfg = Release|Any CPU
		{ABCB9AEC-5519-4F58-8CA7-094609667F0F}.Release|Any CPU.Build.0 = Release|Any CPU
		{FF62C2A1-F0C1-4491-8C30-E48C99D39944}.Debug|Any CPU.ActiveCfg = Debug|Any CPU
		{FF62C2A1-F0C1-4491-8C30-E48C99D39944}.Debug|Any CPU.Build.0 = Debug|Any CPU
		{FF62C2A1-F0C1-4491-8C30-E48C99D39944}.Release|Any CPU.ActiveCfg = Release|Any CPU
		{FF62C2A1-F0C1-4491-8C30-E48C99D39944}.Release|Any CPU.Build.0 = Release|Any CPU
		{8A773FC3-ABD1-4D01-808E-EE974B8C44CE}.Debug|Any CPU.ActiveCfg = Debug|Any CPU
		{8A773FC3-ABD1-4D01-808E-EE974B8C44CE}.Debug|Any CPU.Build.0 = Debug|Any CPU
		{8A773FC3-ABD1-4D01-808E-EE974B8C44CE}.Release|Any CPU.ActiveCfg = Release|Any CPU
		{8A773FC3-ABD1-4D01-808E-EE974B8C44CE}.Release|Any CPU.Build.0 = Release|Any CPU
		{9F048354-4DDA-4C9E-8D07-5940532B9054}.Debug|Any CPU.ActiveCfg = Debug|Any CPU
		{9F048354-4DDA-4C9E-8D07-5940532B9054}.Debug|Any CPU.Build.0 = Debug|Any CPU
		{9F048354-4DDA-4C9E-8D07-5940532B9054}.Release|Any CPU.ActiveCfg = Release|Any CPU
		{9F048354-4DDA-4C9E-8D07-5940532B9054}.Release|Any CPU.Build.0 = Release|Any CPU
	EndGlobalSection
	GlobalSection(SolutionProperties) = preSolution
		HideSolutionNode = FALSE
	EndGlobalSection
	GlobalSection(ExtensibilityGlobals) = postSolution
		SolutionGuid = {66E5195B-6C1B-4A49-B39E-AD97CCCA564A}
	EndGlobalSection
EndGlobal
